
Microsoft Visual Studio Solution File, Format Version 12.00
# Visual Studio Version 17
VisualStudioVersion = 17.5.2.0
MinimumVisualStudioVersion = 10.0.40219.1
Project("{FAE04EC0-301F-11D3-BF4B-00C04F79EFBC}") = "Ra3.BattleNet.Updater.Client", "Ra3.BattleNet.Updater.Client\Ra3.BattleNet.Updater.Client.csproj", "{E5BFFABB-16E9-4857-851C-2CE7C99A45D9}"
EndProject
Project("{2150E333-8FDC-42A3-9474-1A3956D46DE8}") = "解决方案项", "解决方案项", "{9FA3D6BD-1EC1-3BA5-80CB-CE02773A58D5}"
	ProjectSection(SolutionItems) = preProject
		README.md = README.md
	EndProjectSection
EndProject
Project("{FAE04EC0-301F-11D3-BF4B-00C04F79EFBC}") = "Ra3.BattleNet.Updater.Share", "Ra3.BattleNet.Updater.Share\Ra3.BattleNet.Updater.Share.csproj", "{44B47682-1268-47B6-A87F-8B944F125D0A}"
EndProject
Project("{FAE04EC0-301F-11D3-BF4B-00C04F79EFBC}") = "Ra3.BattleNet.Updater.Server", "Ra3.BattleNet.Updater.Server\Ra3.BattleNet.Updater.Server.csproj", "{78A5B589-1F3D-47FB-BA83-E2142CD201BC}"
EndProject
Global
	GlobalSection(SolutionConfigurationPlatforms) = preSolution
		Debug|Any CPU = Debug|Any CPU
		Debug|ARM = Debug|ARM
		Debug|ARM64 = Debug|ARM64
		Debug|x64 = Debug|x64
		Debug|x86 = Debug|x86
		Release|Any CPU = Release|Any CPU
		Release|ARM = Release|ARM
		Release|ARM64 = Release|ARM64
		Release|x64 = Release|x64
		Release|x86 = Release|x86
	EndGlobalSection
	GlobalSection(ProjectConfigurationPlatforms) = postSolution
		{E5BFFABB-16E9-4857-851C-2CE7C99A45D9}.Debug|Any CPU.ActiveCfg = Debug|Any CPU
		{E5BFFABB-16E9-4857-851C-2CE7C99A45D9}.Debug|Any CPU.Build.0 = Debug|Any CPU
		{E5BFFABB-16E9-4857-851C-2CE7C99A45D9}.Debug|ARM.ActiveCfg = Debug|Any CPU
		{E5BFFABB-16E9-4857-851C-2CE7C99A45D9}.Debug|ARM.Build.0 = Debug|Any CPU
		{E5BFFABB-16E9-4857-851C-2CE7C99A45D9}.Debug|ARM64.ActiveCfg = Debug|Any CPU
		{E5BFFABB-16E9-4857-851C-2CE7C99A45D9}.Debug|ARM64.Build.0 = Debug|Any CPU
		{E5BFFABB-16E9-4857-851C-2CE7C99A45D9}.Debug|x64.ActiveCfg = Debug|Any CPU
		{E5BFFABB-16E9-4857-851C-2CE7C99A45D9}.Debug|x64.Build.0 = Debug|Any CPU
		{E5BFFABB-16E9-4857-851C-2CE7C99A45D9}.Debug|x86.ActiveCfg = Debug|Any CPU
		{E5BFFABB-16E9-4857-851C-2CE7C99A45D9}.Debug|x86.Build.0 = Debug|Any CPU
		{E5BFFABB-16E9-4857-851C-2CE7C99A45D9}.Release|Any CPU.ActiveCfg = Release|Any CPU
		{E5BFFABB-16E9-4857-851C-2CE7C99A45D9}.Release|Any CPU.Build.0 = Release|Any CPU
		{E5BFFABB-16E9-4857-851C-2CE7C99A45D9}.Release|ARM.ActiveCfg = Release|Any CPU
		{E5BFFABB-16E9-4857-851C-2CE7C99A45D9}.Release|ARM.Build.0 = Release|Any CPU
		{E5BFFABB-16E9-4857-851C-2CE7C99A45D9}.Release|ARM64.ActiveCfg = Release|Any CPU
		{E5BFFABB-16E9-4857-851C-2CE7C99A45D9}.Release|ARM64.Build.0 = Release|Any CPU
		{E5BFFABB-16E9-4857-851C-2CE7C99A45D9}.Release|x64.ActiveCfg = Release|Any CPU
		{E5BFFABB-16E9-4857-851C-2CE7C99A45D9}.Release|x64.Build.0 = Release|Any CPU
		{E5BFFABB-16E9-4857-851C-2CE7C99A45D9}.Release|x86.ActiveCfg = Release|Any CPU
		{E5BFFABB-16E9-4857-851C-2CE7C99A45D9}.Release|x86.Build.0 = Release|Any CPU
		{44B47682-1268-47B6-A87F-8B944F125D0A}.Debug|Any CPU.ActiveCfg = Debug|Any CPU
		{44B47682-1268-47B6-A87F-8B944F125D0A}.Debug|Any CPU.Build.0 = Debug|Any CPU
		{44B47682-1268-47B6-A87F-8B944F125D0A}.Debug|ARM.ActiveCfg = Debug|Any CPU
		{44B47682-1268-47B6-A87F-8B944F125D0A}.Debug|ARM.Build.0 = Debug|Any CPU
		{44B47682-1268-47B6-A87F-8B944F125D0A}.Debug|ARM64.ActiveCfg = Debug|Any CPU
		{44B47682-1268-47B6-A87F-8B944F125D0A}.Debug|ARM64.Build.0 = Debug|Any CPU
		{44B47682-1268-47B6-A87F-8B944F125D0A}.Debug|x64.ActiveCfg = Debug|Any CPU
		{44B47682-1268-47B6-A87F-8B944F125D0A}.Debug|x64.Build.0 = Debug|Any CPU
		{44B47682-1268-47B6-A87F-8B944F125D0A}.Debug|x86.ActiveCfg = Debug|Any CPU
		{44B47682-1268-47B6-A87F-8B944F125D0A}.Debug|x86.Build.0 = Debug|Any CPU
		{44B47682-1268-47B6-A87F-8B944F125D0A}.Release|Any CPU.ActiveCfg = Release|Any CPU
		{44B47682-1268-47B6-A87F-8B944F125D0A}.Release|Any CPU.Build.0 = Release|Any CPU
		{44B47682-1268-47B6-A87F-8B944F125D0A}.Release|ARM.ActiveCfg = Release|Any CPU
		{44B47682-1268-47B6-A87F-8B944F125D0A}.Release|ARM.Build.0 = Release|Any CPU
		{44B47682-1268-47B6-A87F-8B944F125D0A}.Release|ARM64.ActiveCfg = Release|Any CPU
		{44B47682-1268-47B6-A87F-8B944F125D0A}.Release|ARM64.Build.0 = Release|Any CPU
		{44B47682-1268-47B6-A87F-8B944F125D0A}.Release|x64.ActiveCfg = Release|Any CPU
		{44B47682-1268-47B6-A87F-8B944F125D0A}.Release|x64.Build.0 = Release|Any CPU
		{44B47682-1268-47B6-A87F-8B944F125D0A}.Release|x86.ActiveCfg = Release|Any CPU
		{44B47682-1268-47B6-A87F-8B944F125D0A}.Release|x86.Build.0 = Release|Any CPU
		{78A5B589-1F3D-47FB-BA83-E2142CD201BC}.Debug|Any CPU.ActiveCfg = Debug|Any CPU
		{78A5B589-1F3D-47FB-BA83-E2142CD201BC}.Debug|Any CPU.Build.0 = Debug|Any CPU
		{78A5B589-1F3D-47FB-BA83-E2142CD201BC}.Debug|ARM.ActiveCfg = Debug|Any CPU
		{78A5B589-1F3D-47FB-BA83-E2142CD201BC}.Debug|ARM.Build.0 = Debug|Any CPU
		{78A5B589-1F3D-47FB-BA83-E2142CD201BC}.Debug|ARM64.ActiveCfg = Debug|Any CPU
		{78A5B589-1F3D-47FB-BA83-E2142CD201BC}.Debug|ARM64.Build.0 = Debug|Any CPU
		{78A5B589-1F3D-47FB-BA83-E2142CD201BC}.Debug|x64.ActiveCfg = Debug|Any CPU
		{78A5B589-1F3D-47FB-BA83-E2142CD201BC}.Debug|x64.Build.0 = Debug|Any CPU
		{78A5B589-1F3D-47FB-BA83-E2142CD201BC}.Debug|x86.ActiveCfg = Debug|Any CPU
		{78A5B589-1F3D-47FB-BA83-E2142CD201BC}.Debug|x86.Build.0 = Debug|Any CPU
		{78A5B589-1F3D-47FB-BA83-E2142CD201BC}.Release|Any CPU.ActiveCfg = Release|Any CPU
		{78A5B589-1F3D-47FB-BA83-E2142CD201BC}.Release|Any CPU.Build.0 = Release|Any CPU
		{78A5B589-1F3D-47FB-BA83-E2142CD201BC}.Release|ARM.ActiveCfg = Release|Any CPU
		{78A5B589-1F3D-47FB-BA83-E2142CD201BC}.Release|ARM.Build.0 = Release|Any CPU
		{78A5B589-1F3D-47FB-BA83-E2142CD201BC}.Release|ARM64.ActiveCfg = Release|Any CPU
		{78A5B589-1F3D-47FB-BA83-E2142CD201BC}.Release|ARM64.Build.0 = Release|Any CPU
		{78A5B589-1F3D-47FB-BA83-E2142CD201BC}.Release|x64.ActiveCfg = Release|Any CPU
		{78A5B589-1F3D-47FB-BA83-E2142CD201BC}.Release|x64.Build.0 = Release|Any CPU
		{78A5B589-1F3D-47FB-BA83-E2142CD201BC}.Release|x86.ActiveCfg = Release|Any CPU
		{78A5B589-1F3D-47FB-BA83-E2142CD201BC}.Release|x86.Build.0 = Release|Any CPU
	EndGlobalSection
	GlobalSection(SolutionProperties) = preSolution
		HideSolutionNode = FALSE
	EndGlobalSection
	GlobalSection(ExtensibilityGlobals) = postSolution
		SolutionGuid = {F43BF988-A6A8-4284-B9DA-79EC6CC8A199}
	EndGlobalSection
EndGlobal
